
Microsoft Visual Studio Solution File, Format Version 12.00
# Visual Studio Version 17
VisualStudioVersion = 17.5.002.0
MinimumVisualStudioVersion = 10.0.40219.1
Project("{9A19103F-16F7-4668-BE54-9A1E7A4F7556}") = "задача 4", "задача 4.csproj", "{2C1F6031-D346-4AC4-A4CC-4DBA91A19A38}"
EndProject
Global
	GlobalSection(SolutionConfigurationPlatforms) = preSolution
		Debug|Any CPU = Debug|Any CPU
		Release|Any CPU = Release|Any CPU
	EndGlobalSection
	GlobalSection(ProjectConfigurationPlatforms) = postSolution
		{2C1F6031-D346-4AC4-A4CC-4DBA91A19A38}.Debug|Any CPU.ActiveCfg = Debug|Any CPU
		{2C1F6031-D346-4AC4-A4CC-4DBA91A19A38}.Debug|Any CPU.Build.0 = Debug|Any CPU
		{2C1F6031-D346-4AC4-A4CC-4DBA91A19A38}.Release|Any CPU.ActiveCfg = Release|Any CPU
		{2C1F6031-D346-4AC4-A4CC-4DBA91A19A38}.Release|Any CPU.Build.0 = Release|Any CPU
	EndGlobalSection
	GlobalSection(SolutionProperties) = preSolution
		HideSolutionNode = FALSE
	EndGlobalSection
	GlobalSection(ExtensibilityGlobals) = postSolution
		SolutionGuid = {47C01011-3C29-48A5-8B33-CA9053E37AEF}
	EndGlobalSection
EndGlobal
